// !$*UTF8*$!
{
	archiveVersion = 1;
	classes = {
	};
	objectVersion = 56;
	objects = {

/* Begin PBXBuildFile section */
		26C9B3866BAB6792DEB57975 /* Pods_SwinjectMVVMDemo.framework in Frameworks */ = {isa = PBXBuildFile; fileRef = E2154660467FC9AF0CB45BE0 /* Pods_SwinjectMVVMDemo.framework */; };
		A21CC77C298A3CEC00FFDB44 /* AppDelegate.swift in Sources */ = {isa = PBXBuildFile; fileRef = A21CC77B298A3CEC00FFDB44 /* AppDelegate.swift */; };
		A21CC77E298A3CEC00FFDB44 /* SceneDelegate.swift in Sources */ = {isa = PBXBuildFile; fileRef = A21CC77D298A3CEC00FFDB44 /* SceneDelegate.swift */; };
		A21CC780298A3CEC00FFDB44 /* ViewController.swift in Sources */ = {isa = PBXBuildFile; fileRef = A21CC77F298A3CEC00FFDB44 /* ViewController.swift */; };
		A21CC783298A3CEC00FFDB44 /* Main.storyboard in Resources */ = {isa = PBXBuildFile; fileRef = A21CC781298A3CEC00FFDB44 /* Main.storyboard */; };
		A21CC785298A3CEE00FFDB44 /* Assets.xcassets in Resources */ = {isa = PBXBuildFile; fileRef = A21CC784298A3CEE00FFDB44 /* Assets.xcassets */; };
		A21CC788298A3CEE00FFDB44 /* LaunchScreen.storyboard in Resources */ = {isa = PBXBuildFile; fileRef = A21CC786298A3CEE00FFDB44 /* LaunchScreen.storyboard */; };
		A21CC793298A3CEF00FFDB44 /* SwinjectMVVMDemoTests.swift in Sources */ = {isa = PBXBuildFile; fileRef = A21CC792298A3CEF00FFDB44 /* SwinjectMVVMDemoTests.swift */; };
		A21CC79D298A3CEF00FFDB44 /* SwinjectMVVMDemoUITests.swift in Sources */ = {isa = PBXBuildFile; fileRef = A21CC79C298A3CEF00FFDB44 /* SwinjectMVVMDemoUITests.swift */; };
		A21CC79F298A3CEF00FFDB44 /* SwinjectMVVMDemoUITestsLaunchTests.swift in Sources */ = {isa = PBXBuildFile; fileRef = A21CC79E298A3CEF00FFDB44 /* SwinjectMVVMDemoUITestsLaunchTests.swift */; };
		A21CC7B2298A3F9200FFDB44 /* BaseViewController.swift in Sources */ = {isa = PBXBuildFile; fileRef = A21CC7B1298A3F9200FFDB44 /* BaseViewController.swift */; };
		A21CC7B4298A400F00FFDB44 /* ViewModelProcotol.swift in Sources */ = {isa = PBXBuildFile; fileRef = A21CC7B3298A400F00FFDB44 /* ViewModelProcotol.swift */; };
		A21CC7B7298A412A00FFDB44 /* DiContainer.swift in Sources */ = {isa = PBXBuildFile; fileRef = A21CC7B6298A412A00FFDB44 /* DiContainer.swift */; };
		A21CC7B9298A450B00FFDB44 /* Page1ViewController.swift in Sources */ = {isa = PBXBuildFile; fileRef = A21CC7B8298A450B00FFDB44 /* Page1ViewController.swift */; };
		A21CC7BB298A451800FFDB44 /* Page1ViewModel.swift in Sources */ = {isa = PBXBuildFile; fileRef = A21CC7BA298A451800FFDB44 /* Page1ViewModel.swift */; };
		A21CC7BD298A454D00FFDB44 /* DemoDiContainerRegister.swift in Sources */ = {isa = PBXBuildFile; fileRef = A21CC7BC298A454D00FFDB44 /* DemoDiContainerRegister.swift */; };
		A21CC7BF298A4EE000FFDB44 /* Page2ViewController.swift in Sources */ = {isa = PBXBuildFile; fileRef = A21CC7BE298A4EE000FFDB44 /* Page2ViewController.swift */; };
		A21CC7C1298A4EF400FFDB44 /* Page2ViewModel.swift in Sources */ = {isa = PBXBuildFile; fileRef = A21CC7C0298A4EF400FFDB44 /* Page2ViewModel.swift */; };
/* End PBXBuildFile section */

/* Begin PBXContainerItemProxy section */
		A21CC78F298A3CEF00FFDB44 /* PBXContainerItemProxy */ = {
			isa = PBXContainerItemProxy;
			containerPortal = A21CC770298A3CEC00FFDB44 /* Project object */;
			proxyType = 1;
			remoteGlobalIDString = A21CC777298A3CEC00FFDB44;
			remoteInfo = SwinjectMVVMDemo;
		};
		A21CC799298A3CEF00FFDB44 /* PBXContainerItemProxy */ = {
			isa = PBXContainerItemProxy;
			containerPortal = A21CC770298A3CEC00FFDB44 /* Project object */;
			proxyType = 1;
			remoteGlobalIDString = A21CC777298A3CEC00FFDB44;
			remoteInfo = SwinjectMVVMDemo;
		};
/* End PBXContainerItemProxy section */

/* Begin PBXFileReference section */
		A21CC778298A3CEC00FFDB44 /* SwinjectMVVMDemo.app */ = {isa = PBXFileReference; explicitFileType = wrapper.application; includeInIndex = 0; path = SwinjectMVVMDemo.app; sourceTree = BUILT_PRODUCTS_DIR; };
		A21CC77B298A3CEC00FFDB44 /* AppDelegate.swift */ = {isa = PBXFileReference; lastKnownFileType = sourcecode.swift; path = AppDelegate.swift; sourceTree = "<group>"; };
		A21CC77D298A3CEC00FFDB44 /* SceneDelegate.swift */ = {isa = PBXFileReference; lastKnownFileType = sourcecode.swift; path = SceneDelegate.swift; sourceTree = "<group>"; };
		A21CC77F298A3CEC00FFDB44 /* ViewController.swift */ = {isa = PBXFileReference; lastKnownFileType = sourcecode.swift; path = ViewController.swift; sourceTree = "<group>"; };
		A21CC782298A3CEC00FFDB44 /* Base */ = {isa = PBXFileReference; lastKnownFileType = file.storyboard; name = Base; path = Base.lproj/Main.storyboard; sourceTree = "<group>"; };
		A21CC784298A3CEE00FFDB44 /* Assets.xcassets */ = {isa = PBXFileReference; lastKnownFileType = folder.assetcatalog; path = Assets.xcassets; sourceTree = "<group>"; };
		A21CC787298A3CEE00FFDB44 /* Base */ = {isa = PBXFileReference; lastKnownFileType = file.storyboard; name = Base; path = Base.lproj/LaunchScreen.storyboard; sourceTree = "<group>"; };
		A21CC789298A3CEE00FFDB44 /* Info.plist */ = {isa = PBXFileReference; lastKnownFileType = text.plist.xml; path = Info.plist; sourceTree = "<group>"; };
		A21CC78E298A3CEF00FFDB44 /* SwinjectMVVMDemoTests.xctest */ = {isa = PBXFileReference; explicitFileType = wrapper.cfbundle; includeInIndex = 0; path = SwinjectMVVMDemoTests.xctest; sourceTree = BUILT_PRODUCTS_DIR; };
		A21CC792298A3CEF00FFDB44 /* SwinjectMVVMDemoTests.swift */ = {isa = PBXFileReference; lastKnownFileType = sourcecode.swift; path = SwinjectMVVMDemoTests.swift; sourceTree = "<group>"; };
		A21CC798298A3CEF00FFDB44 /* SwinjectMVVMDemoUITests.xctest */ = {isa = PBXFileReference; explicitFileType = wrapper.cfbundle; includeInIndex = 0; path = SwinjectMVVMDemoUITests.xctest; sourceTree = BUILT_PRODUCTS_DIR; };
		A21CC79C298A3CEF00FFDB44 /* SwinjectMVVMDemoUITests.swift */ = {isa = PBXFileReference; lastKnownFileType = sourcecode.swift; path = SwinjectMVVMDemoUITests.swift; sourceTree = "<group>"; };
		A21CC79E298A3CEF00FFDB44 /* SwinjectMVVMDemoUITestsLaunchTests.swift */ = {isa = PBXFileReference; lastKnownFileType = sourcecode.swift; path = SwinjectMVVMDemoUITestsLaunchTests.swift; sourceTree = "<group>"; };
		A21CC7B1298A3F9200FFDB44 /* BaseViewController.swift */ = {isa = PBXFileReference; lastKnownFileType = sourcecode.swift; path = BaseViewController.swift; sourceTree = "<group>"; };
		A21CC7B3298A400F00FFDB44 /* ViewModelProcotol.swift */ = {isa = PBXFileReference; lastKnownFileType = sourcecode.swift; path = ViewModelProcotol.swift; sourceTree = "<group>"; };
		A21CC7B6298A412A00FFDB44 /* DiContainer.swift */ = {isa = PBXFileReference; lastKnownFileType = sourcecode.swift; path = DiContainer.swift; sourceTree = "<group>"; };
		A21CC7B8298A450B00FFDB44 /* Page1ViewController.swift */ = {isa = PBXFileReference; lastKnownFileType = sourcecode.swift; path = Page1ViewController.swift; sourceTree = "<group>"; };
		A21CC7BA298A451800FFDB44 /* Page1ViewModel.swift */ = {isa = PBXFileReference; lastKnownFileType = sourcecode.swift; path = Page1ViewModel.swift; sourceTree = "<group>"; };
		A21CC7BC298A454D00FFDB44 /* DemoDiContainerRegister.swift */ = {isa = PBXFileReference; lastKnownFileType = sourcecode.swift; path = DemoDiContainerRegister.swift; sourceTree = "<group>"; };
		A21CC7BE298A4EE000FFDB44 /* Page2ViewController.swift */ = {isa = PBXFileReference; lastKnownFileType = sourcecode.swift; path = Page2ViewController.swift; sourceTree = "<group>"; };
		A21CC7C0298A4EF400FFDB44 /* Page2ViewModel.swift */ = {isa = PBXFileReference; lastKnownFileType = sourcecode.swift; path = Page2ViewModel.swift; sourceTree = "<group>"; };
		B7F874EDE09258BF06AD05C8 /* Pods-SwinjectMVVMDemo.debug.xcconfig */ = {isa = PBXFileReference; includeInIndex = 1; lastKnownFileType = text.xcconfig; name = "Pods-SwinjectMVVMDemo.debug.xcconfig"; path = "Target Support Files/Pods-SwinjectMVVMDemo/Pods-SwinjectMVVMDemo.debug.xcconfig"; sourceTree = "<group>"; };
		E2154660467FC9AF0CB45BE0 /* Pods_SwinjectMVVMDemo.framework */ = {isa = PBXFileReference; explicitFileType = wrapper.framework; includeInIndex = 0; path = Pods_SwinjectMVVMDemo.framework; sourceTree = BUILT_PRODUCTS_DIR; };
		EA0B352EC7BBA7C4908DC2DB /* Pods-SwinjectMVVMDemo.release.xcconfig */ = {isa = PBXFileReference; includeInIndex = 1; lastKnownFileType = text.xcconfig; name = "Pods-SwinjectMVVMDemo.release.xcconfig"; path = "Target Support Files/Pods-SwinjectMVVMDemo/Pods-SwinjectMVVMDemo.release.xcconfig"; sourceTree = "<group>"; };
/* End PBXFileReference section */

/* Begin PBXFrameworksBuildPhase section */
		A21CC775298A3CEC00FFDB44 /* Frameworks */ = {
			isa = PBXFrameworksBuildPhase;
			buildActionMask = 2147483647;
			files = (
				26C9B3866BAB6792DEB57975 /* Pods_SwinjectMVVMDemo.framework in Frameworks */,
			);
			runOnlyForDeploymentPostprocessing = 0;
		};
		A21CC78B298A3CEF00FFDB44 /* Frameworks */ = {
			isa = PBXFrameworksBuildPhase;
			buildActionMask = 2147483647;
			files = (
			);
			runOnlyForDeploymentPostprocessing = 0;
		};
		A21CC795298A3CEF00FFDB44 /* Frameworks */ = {
			isa = PBXFrameworksBuildPhase;
			buildActionMask = 2147483647;
			files = (
			);
			runOnlyForDeploymentPostprocessing = 0;
		};
/* End PBXFrameworksBuildPhase section */

/* Begin PBXGroup section */
		2BB4B4E9476D59A331F66608 /* Frameworks */ = {
			isa = PBXGroup;
			children = (
				E2154660467FC9AF0CB45BE0 /* Pods_SwinjectMVVMDemo.framework */,
			);
			name = Frameworks;
			sourceTree = "<group>";
		};
		3DC2AE7F2500AA4C6214A7DC /* Pods */ = {
			isa = PBXGroup;
			children = (
				B7F874EDE09258BF06AD05C8 /* Pods-SwinjectMVVMDemo.debug.xcconfig */,
				EA0B352EC7BBA7C4908DC2DB /* Pods-SwinjectMVVMDemo.release.xcconfig */,
			);
			path = Pods;
			sourceTree = "<group>";
		};
		A21CC76F298A3CEC00FFDB44 = {
			isa = PBXGroup;
			children = (
				A21CC77A298A3CEC00FFDB44 /* SwinjectMVVMDemo */,
				A21CC791298A3CEF00FFDB44 /* SwinjectMVVMDemoTests */,
				A21CC79B298A3CEF00FFDB44 /* SwinjectMVVMDemoUITests */,
				A21CC779298A3CEC00FFDB44 /* Products */,
				3DC2AE7F2500AA4C6214A7DC /* Pods */,
				2BB4B4E9476D59A331F66608 /* Frameworks */,
			);
			sourceTree = "<group>";
		};
		A21CC779298A3CEC00FFDB44 /* Products */ = {
			isa = PBXGroup;
			children = (
				A21CC778298A3CEC00FFDB44 /* SwinjectMVVMDemo.app */,
				A21CC78E298A3CEF00FFDB44 /* SwinjectMVVMDemoTests.xctest */,
				A21CC798298A3CEF00FFDB44 /* SwinjectMVVMDemoUITests.xctest */,
			);
			name = Products;
			sourceTree = "<group>";
		};
		A21CC77A298A3CEC00FFDB44 /* SwinjectMVVMDemo */ = {
			isa = PBXGroup;
			children = (
				A21CC77B298A3CEC00FFDB44 /* AppDelegate.swift */,
				A21CC77D298A3CEC00FFDB44 /* SceneDelegate.swift */,
				A21CC77F298A3CEC00FFDB44 /* ViewController.swift */,
				A21CC7AE298A3F4E00FFDB44 /* Demo */,
				A21CC7AD298A3F4000FFDB44 /* Classes */,
				A21CC781298A3CEC00FFDB44 /* Main.storyboard */,
				A21CC784298A3CEE00FFDB44 /* Assets.xcassets */,
				A21CC786298A3CEE00FFDB44 /* LaunchScreen.storyboard */,
				A21CC789298A3CEE00FFDB44 /* Info.plist */,
			);
			path = SwinjectMVVMDemo;
			sourceTree = "<group>";
		};
		A21CC791298A3CEF00FFDB44 /* SwinjectMVVMDemoTests */ = {
			isa = PBXGroup;
			children = (
				A21CC792298A3CEF00FFDB44 /* SwinjectMVVMDemoTests.swift */,
			);
			path = SwinjectMVVMDemoTests;
			sourceTree = "<group>";
		};
		A21CC79B298A3CEF00FFDB44 /* SwinjectMVVMDemoUITests */ = {
			isa = PBXGroup;
			children = (
				A21CC79C298A3CEF00FFDB44 /* SwinjectMVVMDemoUITests.swift */,
				A21CC79E298A3CEF00FFDB44 /* SwinjectMVVMDemoUITestsLaunchTests.swift */,
			);
			path = SwinjectMVVMDemoUITests;
			sourceTree = "<group>";
		};
		A21CC7AD298A3F4000FFDB44 /* Classes */ = {
			isa = PBXGroup;
			children = (
				A21CC7B5298A405B00FFDB44 /* Container */,
				A21CC7B0298A3F7800FFDB44 /* Procotol */,
				A21CC7AF298A3F5B00FFDB44 /* Base */,
			);
			path = Classes;
			sourceTree = "<group>";
		};
		A21CC7AE298A3F4E00FFDB44 /* Demo */ = {
			isa = PBXGroup;
			children = (
				A21CC7B8298A450B00FFDB44 /* Page1ViewController.swift */,
				A21CC7BA298A451800FFDB44 /* Page1ViewModel.swift */,
				A21CC7BC298A454D00FFDB44 /* DemoDiContainerRegister.swift */,
				A21CC7BE298A4EE000FFDB44 /* Page2ViewController.swift */,
				A21CC7C0298A4EF400FFDB44 /* Page2ViewModel.swift */,
			);
			path = Demo;
			sourceTree = "<group>";
		};
		A21CC7AF298A3F5B00FFDB44 /* Base */ = {
			isa = PBXGroup;
			children = (
				A21CC7B1298A3F9200FFDB44 /* BaseViewController.swift */,
			);
			path = Base;
			sourceTree = "<group>";
		};
		A21CC7B0298A3F7800FFDB44 /* Procotol */ = {
			isa = PBXGroup;
			children = (
				A21CC7B3298A400F00FFDB44 /* ViewModelProcotol.swift */,
			);
			path = Procotol;
			sourceTree = "<group>";
		};
		A21CC7B5298A405B00FFDB44 /* Container */ = {
			isa = PBXGroup;
			children = (
				A21CC7B6298A412A00FFDB44 /* DiContainer.swift */,
			);
			path = Container;
			sourceTree = "<group>";
		};
/* End PBXGroup section */

/* Begin PBXNativeTarget section */
		A21CC777298A3CEC00FFDB44 /* SwinjectMVVMDemo */ = {
			isa = PBXNativeTarget;
			buildConfigurationList = A21CC7A2298A3CEF00FFDB44 /* Build configuration list for PBXNativeTarget "SwinjectMVVMDemo" */;
			buildPhases = (
				5579EF947E156772FC5540D3 /* [CP] Check Pods Manifest.lock */,
				A21CC774298A3CEC00FFDB44 /* Sources */,
				A21CC775298A3CEC00FFDB44 /* Frameworks */,
				A21CC776298A3CEC00FFDB44 /* Resources */,
				63A86CEC0149F6B828D24E30 /* [CP] Embed Pods Frameworks */,
			);
			buildRules = (
			);
			dependencies = (
			);
			name = SwinjectMVVMDemo;
			productName = SwinjectMVVMDemo;
			productReference = A21CC778298A3CEC00FFDB44 /* SwinjectMVVMDemo.app */;
			productType = "com.apple.product-type.application";
		};
		A21CC78D298A3CEF00FFDB44 /* SwinjectMVVMDemoTests */ = {
			isa = PBXNativeTarget;
			buildConfigurationList = A21CC7A5298A3CEF00FFDB44 /* Build configuration list for PBXNativeTarget "SwinjectMVVMDemoTests" */;
			buildPhases = (
				A21CC78A298A3CEF00FFDB44 /* Sources */,
				A21CC78B298A3CEF00FFDB44 /* Frameworks */,
				A21CC78C298A3CEF00FFDB44 /* Resources */,
			);
			buildRules = (
			);
			dependencies = (
				A21CC790298A3CEF00FFDB44 /* PBXTargetDependency */,
			);
			name = SwinjectMVVMDemoTests;
			productName = SwinjectMVVMDemoTests;
			productReference = A21CC78E298A3CEF00FFDB44 /* SwinjectMVVMDemoTests.xctest */;
			productType = "com.apple.product-type.bundle.unit-test";
		};
		A21CC797298A3CEF00FFDB44 /* SwinjectMVVMDemoUITests */ = {
			isa = PBXNativeTarget;
			buildConfigurationList = A21CC7A8298A3CEF00FFDB44 /* Build configuration list for PBXNativeTarget "SwinjectMVVMDemoUITests" */;
			buildPhases = (
				A21CC794298A3CEF00FFDB44 /* Sources */,
				A21CC795298A3CEF00FFDB44 /* Frameworks */,
				A21CC796298A3CEF00FFDB44 /* Resources */,
			);
			buildRules = (
			);
			dependencies = (
				A21CC79A298A3CEF00FFDB44 /* PBXTargetDependency */,
			);
			name = SwinjectMVVMDemoUITests;
			productName = SwinjectMVVMDemoUITests;
			productReference = A21CC798298A3CEF00FFDB44 /* SwinjectMVVMDemoUITests.xctest */;
			productType = "com.apple.product-type.bundle.ui-testing";
		};
/* End PBXNativeTarget section */

/* Begin PBXProject section */
		A21CC770298A3CEC00FFDB44 /* Project object */ = {
			isa = PBXProject;
			attributes = {
				BuildIndependentTargetsInParallel = 1;
				LastSwiftUpdateCheck = 1420;
				LastUpgradeCheck = 1420;
				TargetAttributes = {
					A21CC777298A3CEC00FFDB44 = {
						CreatedOnToolsVersion = 14.2;
					};
					A21CC78D298A3CEF00FFDB44 = {
						CreatedOnToolsVersion = 14.2;
						TestTargetID = A21CC777298A3CEC00FFDB44;
					};
					A21CC797298A3CEF00FFDB44 = {
						CreatedOnToolsVersion = 14.2;
						TestTargetID = A21CC777298A3CEC00FFDB44;
					};
				};
			};
			buildConfigurationList = A21CC773298A3CEC00FFDB44 /* Build configuration list for PBXProject "SwinjectMVVMDemo" */;
			compatibilityVersion = "Xcode 14.0";
			developmentRegion = en;
			hasScannedForEncodings = 0;
			knownRegions = (
				en,
				Base,
			);
			mainGroup = A21CC76F298A3CEC00FFDB44;
			productRefGroup = A21CC779298A3CEC00FFDB44 /* Products */;
			projectDirPath = "";
			projectRoot = "";
			targets = (
				A21CC777298A3CEC00FFDB44 /* SwinjectMVVMDemo */,
				A21CC78D298A3CEF00FFDB44 /* SwinjectMVVMDemoTests */,
				A21CC797298A3CEF00FFDB44 /* SwinjectMVVMDemoUITests */,
			);
		};
/* End PBXProject section */

/* Begin PBXResourcesBuildPhase section */
		A21CC776298A3CEC00FFDB44 /* Resources */ = {
			isa = PBXResourcesBuildPhase;
			buildActionMask = 2147483647;
			files = (
				A21CC788298A3CEE00FFDB44 /* LaunchScreen.storyboard in Resources */,
				A21CC785298A3CEE00FFDB44 /* Assets.xcassets in Resources */,
				A21CC783298A3CEC00FFDB44 /* Main.storyboard in Resources */,
			);
			runOnlyForDeploymentPostprocessing = 0;
		};
		A21CC78C298A3CEF00FFDB44 /* Resources */ = {
			isa = PBXResourcesBuildPhase;
			buildActionMask = 2147483647;
			files = (
			);
			runOnlyForDeploymentPostprocessing = 0;
		};
		A21CC796298A3CEF00FFDB44 /* Resources */ = {
			isa = PBXResourcesBuildPhase;
			buildActionMask = 2147483647;
			files = (
			);
			runOnlyForDeploymentPostprocessing = 0;
		};
/* End PBXResourcesBuildPhase section */

/* Begin PBXShellScriptBuildPhase section */
		5579EF947E156772FC5540D3 /* [CP] Check Pods Manifest.lock */ = {
			isa = PBXShellScriptBuildPhase;
			buildActionMask = 2147483647;
			files = (
			);
			inputFileListPaths = (
			);
			inputPaths = (
				"${PODS_PODFILE_DIR_PATH}/Podfile.lock",
				"${PODS_ROOT}/Manifest.lock",
			);
			name = "[CP] Check Pods Manifest.lock";
			outputFileListPaths = (
			);
			outputPaths = (
				"$(DERIVED_FILE_DIR)/Pods-SwinjectMVVMDemo-checkManifestLockResult.txt",
			);
			runOnlyForDeploymentPostprocessing = 0;
			shellPath = /bin/sh;
			shellScript = "diff \"${PODS_PODFILE_DIR_PATH}/Podfile.lock\" \"${PODS_ROOT}/Manifest.lock\" > /dev/null\nif [ $? != 0 ] ; then\n    # print error to STDERR\n    echo \"error: The sandbox is not in sync with the Podfile.lock. Run 'pod install' or update your CocoaPods installation.\" >&2\n    exit 1\nfi\n# This output is used by Xcode 'outputs' to avoid re-running this script phase.\necho \"SUCCESS\" > \"${SCRIPT_OUTPUT_FILE_0}\"\n";
			showEnvVarsInLog = 0;
		};
		63A86CEC0149F6B828D24E30 /* [CP] Embed Pods Frameworks */ = {
			isa = PBXShellScriptBuildPhase;
			buildActionMask = 2147483647;
			files = (
			);
			inputFileListPaths = (
				"${PODS_ROOT}/Target Support Files/Pods-SwinjectMVVMDemo/Pods-SwinjectMVVMDemo-frameworks-${CONFIGURATION}-input-files.xcfilelist",
			);
			name = "[CP] Embed Pods Frameworks";
			outputFileListPaths = (
				"${PODS_ROOT}/Target Support Files/Pods-SwinjectMVVMDemo/Pods-SwinjectMVVMDemo-frameworks-${CONFIGURATION}-output-files.xcfilelist",
			);
			runOnlyForDeploymentPostprocessing = 0;
			shellPath = /bin/sh;
			shellScript = "\"${PODS_ROOT}/Target Support Files/Pods-SwinjectMVVMDemo/Pods-SwinjectMVVMDemo-frameworks.sh\"\n";
			showEnvVarsInLog = 0;
		};
/* End PBXShellScriptBuildPhase section */

/* Begin PBXSourcesBuildPhase section */
		A21CC774298A3CEC00FFDB44 /* Sources */ = {
			isa = PBXSourcesBuildPhase;
			buildActionMask = 2147483647;
			files = (
				A21CC7BF298A4EE000FFDB44 /* Page2ViewController.swift in Sources */,
				A21CC7C1298A4EF400FFDB44 /* Page2ViewModel.swift in Sources */,
				A21CC7B7298A412A00FFDB44 /* DiContainer.swift in Sources */,
				A21CC7BB298A451800FFDB44 /* Page1ViewModel.swift in Sources */,
				A21CC780298A3CEC00FFDB44 /* ViewController.swift in Sources */,
				A21CC7B2298A3F9200FFDB44 /* BaseViewController.swift in Sources */,
				A21CC7B4298A400F00FFDB44 /* ViewModelProcotol.swift in Sources */,
				A21CC7B9298A450B00FFDB44 /* Page1ViewController.swift in Sources */,
				A21CC77C298A3CEC00FFDB44 /* AppDelegate.swift in Sources */,
				A21CC77E298A3CEC00FFDB44 /* SceneDelegate.swift in Sources */,
				A21CC7BD298A454D00FFDB44 /* DemoDiContainerRegister.swift in Sources */,
			);
			runOnlyForDeploymentPostprocessing = 0;
		};
		A21CC78A298A3CEF00FFDB44 /* Sources */ = {
			isa = PBXSourcesBuildPhase;
			buildActionMask = 2147483647;
			files = (
				A21CC793298A3CEF00FFDB44 /* SwinjectMVVMDemoTests.swift in Sources */,
			);
			runOnlyForDeploymentPostprocessing = 0;
		};
		A21CC794298A3CEF00FFDB44 /* Sources */ = {
			isa = PBXSourcesBuildPhase;
			buildActionMask = 2147483647;
			files = (
				A21CC79F298A3CEF00FFDB44 /* SwinjectMVVMDemoUITestsLaunchTests.swift in Sources */,
				A21CC79D298A3CEF00FFDB44 /* SwinjectMVVMDemoUITests.swift in Sources */,
			);
			runOnlyForDeploymentPostprocessing = 0;
		};
/* End PBXSourcesBuildPhase section */

/* Begin PBXTargetDependency section */
		A21CC790298A3CEF00FFDB44 /* PBXTargetDependency */ = {
			isa = PBXTargetDependency;
			target = A21CC777298A3CEC00FFDB44 /* SwinjectMVVMDemo */;
			targetProxy = A21CC78F298A3CEF00FFDB44 /* PBXContainerItemProxy */;
		};
		A21CC79A298A3CEF00FFDB44 /* PBXTargetDependency */ = {
			isa = PBXTargetDependency;
			target = A21CC777298A3CEC00FFDB44 /* SwinjectMVVMDemo */;
			targetProxy = A21CC799298A3CEF00FFDB44 /* PBXContainerItemProxy */;
		};
/* End PBXTargetDependency section */

/* Begin PBXVariantGroup section */
		A21CC781298A3CEC00FFDB44 /* Main.storyboard */ = {
			isa = PBXVariantGroup;
			children = (
				A21CC782298A3CEC00FFDB44 /* Base */,
			);
			name = Main.storyboard;
			sourceTree = "<group>";
		};
		A21CC786298A3CEE00FFDB44 /* LaunchScreen.storyboard */ = {
			isa = PBXVariantGroup;
			children = (
				A21CC787298A3CEE00FFDB44 /* Base */,
			);
			name = LaunchScreen.storyboard;
			sourceTree = "<group>";
		};
/* End PBXVariantGroup section */

/* Begin XCBuildConfiguration section */
		A21CC7A0298A3CEF00FFDB44 /* Debug */ = {
			isa = XCBuildConfiguration;
			buildSettings = {
				ALWAYS_SEARCH_USER_PATHS = NO;
				CLANG_ANALYZER_NONNULL = YES;
				CLANG_ANALYZER_NUMBER_OBJECT_CONVERSION = YES_AGGRESSIVE;
				CLANG_CXX_LANGUAGE_STANDARD = "gnu++20";
				CLANG_ENABLE_MODULES = YES;
				CLANG_ENABLE_OBJC_ARC = YES;
				CLANG_ENABLE_OBJC_WEAK = YES;
				CLANG_WARN_BLOCK_CAPTURE_AUTORELEASING = YES;
				CLANG_WARN_BOOL_CONVERSION = YES;
				CLANG_WARN_COMMA = YES;
				CLANG_WARN_CONSTANT_CONVERSION = YES;
				CLANG_WARN_DEPRECATED_OBJC_IMPLEMENTATIONS = YES;
				CLANG_WARN_DIRECT_OBJC_ISA_USAGE = YES_ERROR;
				CLANG_WARN_DOCUMENTATION_COMMENTS = YES;
				CLANG_WARN_EMPTY_BODY = YES;
				CLANG_WARN_ENUM_CONVERSION = YES;
				CLANG_WARN_INFINITE_RECURSION = YES;
				CLANG_WARN_INT_CONVERSION = YES;
				CLANG_WARN_NON_LITERAL_NULL_CONVERSION = YES;
				CLANG_WARN_OBJC_IMPLICIT_RETAIN_SELF = YES;
				CLANG_WARN_OBJC_LITERAL_CONVERSION = YES;
				CLANG_WARN_OBJC_ROOT_CLASS = YES_ERROR;
				CLANG_WARN_QUOTED_INCLUDE_IN_FRAMEWORK_HEADER = YES;
				CLANG_WARN_RANGE_LOOP_ANALYSIS = YES;
				CLANG_WARN_STRICT_PROTOTYPES = YES;
				CLANG_WARN_SUSPICIOUS_MOVE = YES;
				CLANG_WARN_UNGUARDED_AVAILABILITY = YES_AGGRESSIVE;
				CLANG_WARN_UNREACHABLE_CODE = YES;
				CLANG_WARN__DUPLICATE_METHOD_MATCH = YES;
				COPY_PHASE_STRIP = NO;
				DEBUG_INFORMATION_FORMAT = dwarf;
				ENABLE_STRICT_OBJC_MSGSEND = YES;
				ENABLE_TESTABILITY = YES;
				GCC_C_LANGUAGE_STANDARD = gnu11;
				GCC_DYNAMIC_NO_PIC = NO;
				GCC_NO_COMMON_BLOCKS = YES;
				GCC_OPTIMIZATION_LEVEL = 0;
				GCC_PREPROCESSOR_DEFINITIONS = (
					"DEBUG=1",
					"$(inherited)",
				);
				GCC_WARN_64_TO_32_BIT_CONVERSION = YES;
				GCC_WARN_ABOUT_RETURN_TYPE = YES_ERROR;
				GCC_WARN_UNDECLARED_SELECTOR = YES;
				GCC_WARN_UNINITIALIZED_AUTOS = YES_AGGRESSIVE;
				GCC_WARN_UNUSED_FUNCTION = YES;
				GCC_WARN_UNUSED_VARIABLE = YES;
				IPHONEOS_DEPLOYMENT_TARGET = 16.2;
				MTL_ENABLE_DEBUG_INFO = INCLUDE_SOURCE;
				MTL_FAST_MATH = YES;
				ONLY_ACTIVE_ARCH = YES;
				SDKROOT = iphoneos;
				SWIFT_ACTIVE_COMPILATION_CONDITIONS = DEBUG;
				SWIFT_OPTIMIZATION_LEVEL = "-Onone";
			};
			name = Debug;
		};
		A21CC7A1298A3CEF00FFDB44 /* Release */ = {
			isa = XCBuildConfiguration;
			buildSettings = {
				ALWAYS_SEARCH_USER_PATHS = NO;
				CLANG_ANALYZER_NONNULL = YES;
				CLANG_ANALYZER_NUMBER_OBJECT_CONVERSION = YES_AGGRESSIVE;
				CLANG_CXX_LANGUAGE_STANDARD = "gnu++20";
				CLANG_ENABLE_MODULES = YES;
				CLANG_ENABLE_OBJC_ARC = YES;
				CLANG_ENABLE_OBJC_WEAK = YES;
				CLANG_WARN_BLOCK_CAPTURE_AUTORELEASING = YES;
				CLANG_WARN_BOOL_CONVERSION = YES;
				CLANG_WARN_COMMA = YES;
				CLANG_WARN_CONSTANT_CONVERSION = YES;
				CLANG_WARN_DEPRECATED_OBJC_IMPLEMENTATIONS = YES;
				CLANG_WARN_DIRECT_OBJC_ISA_USAGE = YES_ERROR;
				CLANG_WARN_DOCUMENTATION_COMMENTS = YES;
				CLANG_WARN_EMPTY_BODY = YES;
				CLANG_WARN_ENUM_CONVERSION = YES;
				CLANG_WARN_INFINITE_RECURSION = YES;
				CLANG_WARN_INT_CONVERSION = YES;
				CLANG_WARN_NON_LITERAL_NULL_CONVERSION = YES;
				CLANG_WARN_OBJC_IMPLICIT_RETAIN_SELF = YES;
				CLANG_WARN_OBJC_LITERAL_CONVERSION = YES;
				CLANG_WARN_OBJC_ROOT_CLASS = YES_ERROR;
				CLANG_WARN_QUOTED_INCLUDE_IN_FRAMEWORK_HEADER = YES;
				CLANG_WARN_RANGE_LOOP_ANALYSIS = YES;
				CLANG_WARN_STRICT_PROTOTYPES = YES;
				CLANG_WARN_SUSPICIOUS_MOVE = YES;
				CLANG_WARN_UNGUARDED_AVAILABILITY = YES_AGGRESSIVE;
				CLANG_WARN_UNREACHABLE_CODE = YES;
				CLANG_WARN__DUPLICATE_METHOD_MATCH = YES;
				COPY_PHASE_STRIP = NO;
				DEBUG_INFORMATION_FORMAT = "dwarf-with-dsym";
				ENABLE_NS_ASSERTIONS = NO;
				ENABLE_STRICT_OBJC_MSGSEND = YES;
				GCC_C_LANGUAGE_STANDARD = gnu11;
				GCC_NO_COMMON_BLOCKS = YES;
				GCC_WARN_64_TO_32_BIT_CONVERSION = YES;
				GCC_WARN_ABOUT_RETURN_TYPE = YES_ERROR;
				GCC_WARN_UNDECLARED_SELECTOR = YES;
				GCC_WARN_UNINITIALIZED_AUTOS = YES_AGGRESSIVE;
				GCC_WARN_UNUSED_FUNCTION = YES;
				GCC_WARN_UNUSED_VARIABLE = YES;
				IPHONEOS_DEPLOYMENT_TARGET = 16.2;
				MTL_ENABLE_DEBUG_INFO = NO;
				MTL_FAST_MATH = YES;
				SDKROOT = iphoneos;
				SWIFT_COMPILATION_MODE = wholemodule;
				SWIFT_OPTIMIZATION_LEVEL = "-O";
				VALIDATE_PRODUCT = YES;
			};
			name = Release;
		};
		A21CC7A3298A3CEF00FFDB44 /* Debug */ = {
			isa = XCBuildConfiguration;
			baseConfigurationReference = B7F874EDE09258BF06AD05C8 /* Pods-SwinjectMVVMDemo.debug.xcconfig */;
			buildSettings = {
				ASSETCATALOG_COMPILER_APPICON_NAME = AppIcon;
				ASSETCATALOG_COMPILER_GLOBAL_ACCENT_COLOR_NAME = AccentColor;
				CODE_SIGN_STYLE = Automatic;
				CURRENT_PROJECT_VERSION = 1;
				DEVELOPMENT_TEAM = P948MCUQ2Y;
				GENERATE_INFOPLIST_FILE = YES;
				INFOPLIST_FILE = SwinjectMVVMDemo/Info.plist;
				INFOPLIST_KEY_UIApplicationSupportsIndirectInputEvents = YES;
				INFOPLIST_KEY_UILaunchStoryboardName = LaunchScreen;
				INFOPLIST_KEY_UIMainStoryboardFile = Main;
				INFOPLIST_KEY_UISupportedInterfaceOrientations_iPad = "UIInterfaceOrientationPortrait UIInterfaceOrientationPortraitUpsideDown UIInterfaceOrientationLandscapeLeft UIInterfaceOrientationLandscapeRight";
				INFOPLIST_KEY_UISupportedInterfaceOrientations_iPhone = "UIInterfaceOrientationPortrait UIInterfaceOrientationLandscapeLeft UIInterfaceOrientationLandscapeRight";
				LD_RUNPATH_SEARCH_PATHS = (
					"$(inherited)",
					"@executable_path/Frameworks",
				);
				MARKETING_VERSION = 1.0;
				PRODUCT_BUNDLE_IDENTIFIER = com.by.SwinjectMVVMDemo;
				PRODUCT_NAME = "$(TARGET_NAME)";
				SWIFT_EMIT_LOC_STRINGS = YES;
				SWIFT_VERSION = 5.0;
				TARGETED_DEVICE_FAMILY = "1,2";
			};
			name = Debug;
		};
		A21CC7A4298A3CEF00FFDB44 /* Release */ = {
			isa = XCBuildConfiguration;
			baseConfigurationReference = EA0B352EC7BBA7C4908DC2DB /* Pods-SwinjectMVVMDemo.release.xcconfig */;
			buildSettings = {
				ASSETCATALOG_COMPILER_APPICON_NAME = AppIcon;
				ASSETCATALOG_COMPILER_GLOBAL_ACCENT_COLOR_NAME = AccentColor;
				CODE_SIGN_STYLE = Automatic;
				CURRENT_PROJECT_VERSION = 1;
				DEVELOPMENT_TEAM = P948MCUQ2Y;
				GENERATE_INFOPLIST_FILE = YES;
				INFOPLIST_FILE = SwinjectMVVMDemo/Info.plist;
				INFOPLIST_KEY_UIApplicationSupportsIndirectInputEvents = YES;
				INFOPLIST_KEY_UILaunchStoryboardName = LaunchScreen;
				INFOPLIST_KEY_UIMainStoryboardFile = Main;
				INFOPLIST_KEY_UISupportedInterfaceOrientations_iPad = "UIInterfaceOrientationPortrait UIInterfaceOrientationPortraitUpsideDown UIInterfaceOrientationLandscapeLeft UIInterfaceOrientationLandscapeRight";
				INFOPLIST_KEY_UISupportedInterfaceOrientations_iPhone = "UIInterfaceOrientationPortrait UIInterfaceOrientationLandscapeLeft UIInterfaceOrientationLandscapeRight";
				LD_RUNPATH_SEARCH_PATHS = (
					"$(inherited)",
					"@executable_path/Frameworks",
				);
				MARKETING_VERSION = 1.0;
				PRODUCT_BUNDLE_IDENTIFIER = com.by.SwinjectMVVMDemo;
				PRODUCT_NAME = "$(TARGET_NAME)";
				SWIFT_EMIT_LOC_STRINGS = YES;
				SWIFT_VERSION = 5.0;
				TARGETED_DEVICE_FAMILY = "1,2";
			};
			name = Release;
		};
		A21CC7A6298A3CEF00FFDB44 /* Debug */ = {
			isa = XCBuildConfiguration;
			buildSettings = {
				ALWAYS_EMBED_SWIFT_STANDARD_LIBRARIES = YES;
				BUNDLE_LOADER = "$(TEST_HOST)";
				CODE_SIGN_STYLE = Automatic;
				CURRENT_PROJECT_VERSION = 1;
				DEVELOPMENT_TEAM = P948MCUQ2Y;
				GENERATE_INFOPLIST_FILE = YES;
				IPHONEOS_DEPLOYMENT_TARGET = 16.2;
				MARKETING_VERSION = 1.0;
				PRODUCT_BUNDLE_IDENTIFIER = com.by.SwinjectMVVMDemoTests;
				PRODUCT_NAME = "$(TARGET_NAME)";
				SWIFT_EMIT_LOC_STRINGS = NO;
				SWIFT_VERSION = 5.0;
				TARGETED_DEVICE_FAMILY = "1,2";
				TEST_HOST = "$(BUILT_PRODUCTS_DIR)/SwinjectMVVMDemo.app/$(BUNDLE_EXECUTABLE_FOLDER_PATH)/SwinjectMVVMDemo";
			};
			name = Debug;
		};
		A21CC7A7298A3CEF00FFDB44 /* Release */ = {
			isa = XCBuildConfiguration;
			buildSettings = {
				ALWAYS_EMBED_SWIFT_STANDARD_LIBRARIES = YES;
				BUNDLE_LOADER = "$(TEST_HOST)";
				CODE_SIGN_STYLE = Automatic;
				CURRENT_PROJECT_VERSION = 1;
				DEVELOPMENT_TEAM = P948MCUQ2Y;
				GENERATE_INFOPLIST_FILE = YES;
				IPHONEOS_DEPLOYMENT_TARGET = 16.2;
				MARKETING_VERSION = 1.0;
				PRODUCT_BUNDLE_IDENTIFIER = com.by.SwinjectMVVMDemoTests;
				PRODUCT_NAME = "$(TARGET_NAME)";
				SWIFT_EMIT_LOC_STRINGS = NO;
				SWIFT_VERSION = 5.0;
				TARGETED_DEVICE_FAMILY = "1,2";
				TEST_HOST = "$(BUILT_PRODUCTS_DIR)/SwinjectMVVMDemo.app/$(BUNDLE_EXECUTABLE_FOLDER_PATH)/SwinjectMVVMDemo";
			};
			name = Release;
		};
		A21CC7A9298A3CEF00FFDB44 /* Debug */ = {
			isa = XCBuildConfiguration;
			buildSettings = {
				ALWAYS_EMBED_SWIFT_STANDARD_LIBRARIES = YES;
				CODE_SIGN_STYLE = Automatic;
				CURRENT_PROJECT_VERSION = 1;
				DEVELOPMENT_TEAM = P948MCUQ2Y;
				GENERATE_INFOPLIST_FILE = YES;
				MARKETING_VERSION = 1.0;
				PRODUCT_BUNDLE_IDENTIFIER = com.by.SwinjectMVVMDemoUITests;
				PRODUCT_NAME = "$(TARGET_NAME)";
				SWIFT_EMIT_LOC_STRINGS = NO;
				SWIFT_VERSION = 5.0;
				TARGETED_DEVICE_FAMILY = "1,2";
				TEST_TARGET_NAME = SwinjectMVVMDemo;
			};
			name = Debug;
		};
		A21CC7AA298A3CEF00FFDB44 /* Release */ = {
			isa = XCBuildConfiguration;
			buildSettings = {
				ALWAYS_EMBED_SWIFT_STANDARD_LIBRARIES = YES;
				CODE_SIGN_STYLE = Automatic;
				CURRENT_PROJECT_VERSION = 1;
				DEVELOPMENT_TEAM = P948MCUQ2Y;
				GENERATE_INFOPLIST_FILE = YES;
				MARKETING_VERSION = 1.0;
				PRODUCT_BUNDLE_IDENTIFIER = com.by.SwinjectMVVMDemoUITests;
				PRODUCT_NAME = "$(TARGET_NAME)";
				SWIFT_EMIT_LOC_STRINGS = NO;
				SWIFT_VERSION = 5.0;
				TARGETED_DEVICE_FAMILY = "1,2";
				TEST_TARGET_NAME = SwinjectMVVMDemo;
			};
			name = Release;
		};
/* End XCBuildConfiguration section */

/* Begin XCConfigurationList section */
		A21CC773298A3CEC00FFDB44 /* Build configuration list for PBXProject "SwinjectMVVMDemo" */ = {
			isa = XCConfigurationList;
			buildConfigurations = (
				A21CC7A0298A3CEF00FFDB44 /* Debug */,
				A21CC7A1298A3CEF00FFDB44 /* Release */,
			);
			defaultConfigurationIsVisible = 0;
			defaultConfigurationName = Release;
		};
		A21CC7A2298A3CEF00FFDB44 /* Build configuration list for PBXNativeTarget "SwinjectMVVMDemo" */ = {
			isa = XCConfigurationList;
			buildConfigurations = (
				A21CC7A3298A3CEF00FFDB44 /* Debug */,
				A21CC7A4298A3CEF00FFDB44 /* Release */,
			);
			defaultConfigurationIsVisible = 0;
			defaultConfigurationName = Release;
		};
		A21CC7A5298A3CEF00FFDB44 /* Build configuration list for PBXNativeTarget "SwinjectMVVMDemoTests" */ = {
			isa = XCConfigurationList;
			buildConfigurations = (
				A21CC7A6298A3CEF00FFDB44 /* Debug */,
				A21CC7A7298A3CEF00FFDB44 /* Release */,
			);
			defaultConfigurationIsVisible = 0;
			defaultConfigurationName = Release;
		};
		A21CC7A8298A3CEF00FFDB44 /* Build configuration list for PBXNativeTarget "SwinjectMVVMDemoUITests" */ = {
			isa = XCConfigurationList;
			buildConfigurations = (
				A21CC7A9298A3CEF00FFDB44 /* Debug */,
				A21CC7AA298A3CEF00FFDB44 /* Release */,
			);
			defaultConfigurationIsVisible = 0;
			defaultConfigurationName = Release;
		};
/* End XCConfigurationList section */
	};
	rootObject = A21CC770298A3CEC00FFDB44 /* Project object */;
}
